
Microsoft Visual Studio Solution File, Format Version 12.00
# Visual Studio Version 17
VisualStudioVersion = 17.1.32319.34
MinimumVisualStudioVersion = 10.0.40219.1
Project("{FAE04EC0-301F-11D3-BF4B-00C04F79EFBC}") = "WpfApp2", "WpfApp2\WpfApp2.csproj", "{FE3B41B9-5AFD-47B3-BA09-2DF77878EEDC}"
EndProject
Global
	GlobalSection(SolutionConfigurationPlatforms) = preSolution
		Debug|Any CPU = Debug|Any CPU
		Release|Any CPU = Release|Any CPU
	EndGlobalSection
	GlobalSection(ProjectConfigurationPlatforms) = postSolution
		{FE3B41B9-5AFD-47B3-BA09-2DF77878EEDC}.Debug|Any CPU.ActiveCfg = Debug|Any CPU
		{FE3B41B9-5AFD-47B3-BA09-2DF77878EEDC}.Debug|Any CPU.Build.0 = Debug|Any CPU
		{FE3B41B9-5AFD-47B3-BA09-2DF77878EEDC}.Release|Any CPU.ActiveCfg = Release|Any CPU
		{FE3B41B9-5AFD-47B3-BA09-2DF77878EEDC}.Release|Any CPU.Build.0 = Release|Any CPU
	EndGlobalSection
	GlobalSection(SolutionProperties) = preSolution
		HideSolutionNode = FALSE
	EndGlobalSection
	GlobalSection(ExtensibilityGlobals) = postSolution
		SolutionGuid = {D82F511A-45CB-47D6-ACA5-32465CFF01C8}
	EndGlobalSection
EndGlobal
